Microsoft Visual Studio Solution File, Format Version 12.00
# Visual Studio Version 17
VisualStudioVersion = 17.5.2.0
MinimumVisualStudioVersion = 10.0.40219.1
Project("{FAE04EC0-301F-11D3-BF4B-00C04F79EFBC}") = "Synergia", "Synergia.csproj", "{EE317087-420E-410E-C651-D138B778CBA8}"
EndProject
Global
	GlobalSection(SolutionConfigurationPlatforms) = preSolution
		Debug|Any CPU = Debug|Any CPU
		Release|Any CPU = Release|Any CPU
	EndGlobalSection
	GlobalSection(ProjectConfigurationPlatforms) = postSolution
		{EE317087-420E-410E-C651-D138B778CBA8}.Debug|Any CPU.ActiveCfg = Debug|Any CPU
		{EE317087-420E-410E-C651-D138B778CBA8}.Debug|Any CPU.Build.0 = Debug|Any CPU
		{EE317087-420E-410E-C651-D138B778CBA8}.Release|Any CPU.ActiveCfg = Release|Any CPU
		{EE317087-420E-410E-C651-D138B778CBA8}.Release|Any CPU.Build.0 = Release|Any CPU
	EndGlobalSection
	GlobalSection(SolutionProperties) = preSolution
		HideSolutionNode = FALSE
	EndGlobalSection
	GlobalSection(ExtensibilityGlobals) = postSolution
		SolutionGuid = {3063B07D-12E4-45E6-8BA0-B5DB28E1B09B}
	EndGlobalSection
EndGlobal
